
Microsoft Visual Studio Solution File, Format Version 12.00
# Visual Studio Version 16
VisualStudioVersion = 16.0.29519.87
MinimumVisualStudioVersion = 10.0.40219.1
Project("{FAE04EC0-301F-11D3-BF4B-00C04F79EFBC}") = "SearchPhotoApp", "SearchPhotoApp.csproj", "{772F84D2-528E-476F-89C8-1074FDB03187}"
EndProject
Project("{FAE04EC0-301F-11D3-BF4B-00C04F79EFBC}") = "SearchPhotoLibrary", "SearchPhotoLibrary\SearchPhotoLibrary.csproj", "{675F4F6F-7AB9-4D3A-9152-39996B941149}"
EndProject
Project("{FAE04EC0-301F-11D3-BF4B-00C04F79EFBC}") = "SearchPhotoUnitTest", "SearchPhotoUnitTest\SearchPhotoUnitTest.csproj", "{8DE40CCA-B8B4-4157-BE3C-5D7B13929D98}"
EndProject
Global
	GlobalSection(SolutionConfigurationPlatforms) = preSolution
		Debug|Any CPU = Debug|Any CPU
		Release|Any CPU = Release|Any CPU
	EndGlobalSection
	GlobalSection(ProjectConfigurationPlatforms) = postSolution
		{772F84D2-528E-476F-89C8-1074FDB03187}.Debug|Any CPU.ActiveCfg = Debug|Any CPU
		{772F84D2-528E-476F-89C8-1074FDB03187}.Debug|Any CPU.Build.0 = Debug|Any CPU
		{772F84D2-528E-476F-89C8-1074FDB03187}.Release|Any CPU.ActiveCfg = Release|Any CPU
		{772F84D2-528E-476F-89C8-1074FDB03187}.Release|Any CPU.Build.0 = Release|Any CPU
		{675F4F6F-7AB9-4D3A-9152-39996B941149}.Debug|Any CPU.ActiveCfg = Debug|Any CPU
		{675F4F6F-7AB9-4D3A-9152-39996B941149}.Debug|Any CPU.Build.0 = Debug|Any CPU
		{675F4F6F-7AB9-4D3A-9152-39996B941149}.Release|Any CPU.ActiveCfg = Release|Any CPU
		{675F4F6F-7AB9-4D3A-9152-39996B941149}.Release|Any CPU.Build.0 = Release|Any CPU
		{8DE40CCA-B8B4-4157-BE3C-5D7B13929D98}.Debug|Any CPU.ActiveCfg = Debug|Any CPU
		{8DE40CCA-B8B4-4157-BE3C-5D7B13929D98}.Debug|Any CPU.Build.0 = Debug|Any CPU
		{8DE40CCA-B8B4-4157-BE3C-5D7B13929D98}.Release|Any CPU.ActiveCfg = Release|Any CPU
		{8DE40CCA-B8B4-4157-BE3C-5D7B13929D98}.Release|Any CPU.Build.0 = Release|Any CPU
	EndGlobalSection
	GlobalSection(SolutionProperties) = preSolution
		HideSolutionNode = FALSE
	EndGlobalSection
	GlobalSection(ExtensibilityGlobals) = postSolution
		SolutionGuid = {0A0E23AD-94A3-41DE-9AC0-5DB748D90559}
	EndGlobalSection
EndGlobal
